
Microsoft Visual Studio Solution File, Format Version 12.00
# Visual Studio Version 16
VisualStudioVersion = 16.0.30128.74
MinimumVisualStudioVersion = 10.0.40219.1
Project("{A0786B88-2ADB-4C21-ABE8-AA2D79766269}") = "HIMS", "HIMS.phpproj", "{2FD0437A-78DF-4B60-A6FA-7E5AC504EBE7}"
EndProject
Global
	GlobalSection(SolutionConfigurationPlatforms) = preSolution
		Debug|Any CPU = Debug|Any CPU
		Release|Any CPU = Release|Any CPU
	EndGlobalSection
	GlobalSection(ProjectConfigurationPlatforms) = postSolution
		{2FD0437A-78DF-4B60-A6FA-7E5AC504EBE7}.Debug|Any CPU.ActiveCfg = Debug|Any CPU
		{2FD0437A-78DF-4B60-A6FA-7E5AC504EBE7}.Release|Any CPU.ActiveCfg = Release|Any CPU
	EndGlobalSection
	GlobalSection(SolutionProperties) = preSolution
		HideSolutionNode = FALSE
	EndGlobalSection
	GlobalSection(ExtensibilityGlobals) = postSolution
		SolutionGuid = {DFEDF8E1-478A-4B6A-9444-64EEA604F1FF}
	EndGlobalSection
EndGlobal
